Microsoft Visual Studio Solution File, Format Version 11.00
# Visual Studio 2008

Project("{FDEAB719-70C0-F1C3-A103-28D613F26B2F}") = "LocustReign", "Assembly-CSharp.csproj", "{75C67C94-FD8C-FE45-448E-B5CB39B24739}"
EndProject
Global
	GlobalSection(SolutionConfigurationPlatforms) = preSolution
		Debug|Any CPU = Debug|Any CPU
		Release|Any CPU = Release|Any CPU
	EndGlobalSection
	GlobalSection(ProjectConfigurationPlatforms) = postSolution
		{75C67C94-FD8C-FE45-448E-B5CB39B24739}.Debug|Any CPU.ActiveCfg = Debug|Any CPU
		{75C67C94-FD8C-FE45-448E-B5CB39B24739}.Debug|Any CPU.Build.0 = Debug|Any CPU
		{75C67C94-FD8C-FE45-448E-B5CB39B24739}.Release|Any CPU.ActiveCfg = Release|Any CPU
		{75C67C94-FD8C-FE45-448E-B5CB39B24739}.Release|Any CPU.Build.0 = Release|Any CPU
	EndGlobalSection
	GlobalSection(SolutionProperties) = preSolution
		HideSolutionNode = FALSE
	EndGlobalSection
																																																																														GlobalSection(MonoDevelopProperties) = preSolution
		StartupItem = Assembly-CSharp.csproj
		Policies = $0
		$0.TextStylePolicy = $1
		$1.inheritsSet = null
		$1.scope = text/x-csharp
		$0.CSharpFormattingPolicy = $2
		$2.inheritsSet = Mono
		$2.inheritsScope = text/x-csharp
		$2.scope = text/x-csharp
		$0.TextStylePolicy = $3
		$3.FileWidth = 120
		$3.TabWidth = 4
		$3.IndentWidth = 4
		$3.EolMarker = Unix
		$3.inheritsSet = Mono
		$3.inheritsScope = text/plain
		$3.scope = text/plain
	EndGlobalSection

EndGlobal
